
Microsoft Visual Studio Solution File, Format Version 12.00
# Visual Studio Version 16
VisualStudioVersion = 16.0.30717.126
MinimumVisualStudioVersion = 10.0.40219.1
Project("{FAE04EC0-301F-11D3-BF4B-00C04F79EFBC}") = "TokenGrabberMaker", "TokenGrabberMaker.csproj", "{795CBE5A-F145-4246-AC5F-7B84AA1BE4F7}"
EndProject
Global
	GlobalSection(SolutionConfigurationPlatforms) = preSolution
		Debug|Any CPU = Debug|Any CPU
		Release|Any CPU = Release|Any CPU
	EndGlobalSection
	GlobalSection(ProjectConfigurationPlatforms) = postSolution
		{795CBE5A-F145-4246-AC5F-7B84AA1BE4F7}.Debug|Any CPU.ActiveCfg = Debug|Any CPU
		{795CBE5A-F145-4246-AC5F-7B84AA1BE4F7}.Debug|Any CPU.Build.0 = Debug|Any CPU
		{795CBE5A-F145-4246-AC5F-7B84AA1BE4F7}.Release|Any CPU.ActiveCfg = Release|Any CPU
		{795CBE5A-F145-4246-AC5F-7B84AA1BE4F7}.Release|Any CPU.Build.0 = Release|Any CPU
	EndGlobalSection
	GlobalSection(SolutionProperties) = preSolution
		HideSolutionNode = FALSE
	EndGlobalSection
	GlobalSection(ExtensibilityGlobals) = postSolution
		SolutionGuid = {567D921C-5D53-4421-BFEF-519D72AE2CE2}
	EndGlobalSection
EndGlobal
